PODS:
  - Flutter (1.0.0)
  - otp_autofill (0.0.1):
    - Flutter

DEPENDENCIES:
  - Flutter (from `Flutter`)
  - otp_autofill (from `.symlinks/plugins/otp_autofill/ios`)

EXTERNAL SOURCES:
  Flutter:
    :path: Flutter
  otp_autofill:
    :path: ".symlinks/plugins/otp_autofill/ios"

SPEC CHECKSUMS:
  Flutter: 50d75fe2f02b26cc09d224853bb45737f8b3214a
  otp_autofill: 93bcc21475705d35445927cb9aef24e818bbf083

PODFILE CHECKSUM: aafe91acc616949ddb318b77800a7f51bffa2a4c

COCOAPODS: 1.10.2
